
Microsoft Visual Studio Solution File, Format Version 12.00
# Visual Studio 14
VisualStudioVersion = 14.0.25420.1
MinimumVisualStudioVersion = 10.0.40219.1
Project("{FAE04EC0-301F-11D3-BF4B-00C04F79EFBC}") = "BookingHotels", "BookingHotels\BookingHotels.csproj", "{DAF568DB-ACA3-4C4A-8ECF-9B8F777E1B05}"
EndProject
Global
	GlobalSection(SolutionConfigurationPlatforms) = preSolution
		Debug|Any CPU = Debug|Any CPU
		Release|Any CPU = Release|Any CPU
	EndGlobalSection
	GlobalSection(ProjectConfigurationPlatforms) = postSolution
		{DAF568DB-ACA3-4C4A-8ECF-9B8F777E1B05}.Debug|Any CPU.ActiveCfg = Debug|Any CPU
		{DAF568DB-ACA3-4C4A-8ECF-9B8F777E1B05}.Debug|Any CPU.Build.0 = Debug|Any CPU
		{DAF568DB-ACA3-4C4A-8ECF-9B8F777E1B05}.Release|Any CPU.ActiveCfg = Release|Any CPU
		{DAF568DB-ACA3-4C4A-8ECF-9B8F777E1B05}.Release|Any CPU.Build.0 = Release|Any CPU
	EndGlobalSection
	GlobalSection(SolutionProperties) = preSolution
		HideSolutionNode = FALSE
	EndGlobalSection
EndGlobal
